
Microsoft Visual Studio Solution File, Format Version 11.00
# Visual Studio 2010
Project("{FAE04EC0-301F-11D3-BF4B-00C04F79EFBC}") = "Chapter6-03-CastleAspectTestingWithDependencies", "Chapter6-03-CastleAspectTestingWithDependencies\Chapter6-03-CastleAspectTestingWithDependencies.csproj", "{15EA6221-94EC-4176-B830-A9090B78982F}"
EndProject
Project("{FAE04EC0-301F-11D3-BF4B-00C04F79EFBC}") = "Chapter6-03-CastleAspectTesting.Tests", "Chapter6-03-CastleAspectTesting.Tests\Chapter6-03-CastleAspectTesting.Tests.csproj", "{78053135-9A97-4CA0-A4BB-F1B8FD011F58}"
EndProject
Global
	GlobalSection(SolutionConfigurationPlatforms) = preSolution
		Debug|Any CPU = Debug|Any CPU
		Debug|Mixed Platforms = Debug|Mixed Platforms
		Debug|x86 = Debug|x86
		Release|Any CPU = Release|Any CPU
		Release|Mixed Platforms = Release|Mixed Platforms
		Release|x86 = Release|x86
	EndGlobalSection
	GlobalSection(ProjectConfigurationPlatforms) = postSolution
		{15EA6221-94EC-4176-B830-A9090B78982F}.Debug|Any CPU.ActiveCfg = Debug|x86
		{15EA6221-94EC-4176-B830-A9090B78982F}.Debug|Mixed Platforms.ActiveCfg = Debug|x86
		{15EA6221-94EC-4176-B830-A9090B78982F}.Debug|Mixed Platforms.Build.0 = Debug|x86
		{15EA6221-94EC-4176-B830-A9090B78982F}.Debug|x86.ActiveCfg = Debug|x86
		{15EA6221-94EC-4176-B830-A9090B78982F}.Debug|x86.Build.0 = Debug|x86
		{15EA6221-94EC-4176-B830-A9090B78982F}.Release|Any CPU.ActiveCfg = Release|x86
		{15EA6221-94EC-4176-B830-A9090B78982F}.Release|Mixed Platforms.ActiveCfg = Release|x86
		{15EA6221-94EC-4176-B830-A9090B78982F}.Release|Mixed Platforms.Build.0 = Release|x86
		{15EA6221-94EC-4176-B830-A9090B78982F}.Release|x86.ActiveCfg = Release|x86
		{15EA6221-94EC-4176-B830-A9090B78982F}.Release|x86.Build.0 = Release|x86
		{78053135-9A97-4CA0-A4BB-F1B8FD011F58}.Debug|Any CPU.ActiveCfg = Debug|Any CPU
		{78053135-9A97-4CA0-A4BB-F1B8FD011F58}.Debug|Any CPU.Build.0 = Debug|Any CPU
		{78053135-9A97-4CA0-A4BB-F1B8FD011F58}.Debug|Mixed Platforms.ActiveCfg = Debug|Any CPU
		{78053135-9A97-4CA0-A4BB-F1B8FD011F58}.Debug|Mixed Platforms.Build.0 = Debug|Any CPU
		{78053135-9A97-4CA0-A4BB-F1B8FD011F58}.Debug|x86.ActiveCfg = Debug|Any CPU
		{78053135-9A97-4CA0-A4BB-F1B8FD011F58}.Release|Any CPU.ActiveCfg = Release|Any CPU
		{78053135-9A97-4CA0-A4BB-F1B8FD011F58}.Release|Any CPU.Build.0 = Release|Any CPU
		{78053135-9A97-4CA0-A4BB-F1B8FD011F58}.Release|Mixed Platforms.ActiveCfg = Release|Any CPU
		{78053135-9A97-4CA0-A4BB-F1B8FD011F58}.Release|Mixed Platforms.Build.0 = Release|Any CPU
		{78053135-9A97-4CA0-A4BB-F1B8FD011F58}.Release|x86.ActiveCfg = Release|Any CPU
	EndGlobalSection
	GlobalSection(SolutionProperties) = preSolution
		HideSolutionNode = FALSE
	EndGlobalSection
EndGlobal
